{
  "name": "poc-ibm037",
  "version": "1.0.0",
  "lockfileVersion": 3,
  "requires": true,
  "packages": {
    "": {
      "name": "poc-ibm037",
      "version": "1.0.0",
      "license": "ISC",
      "dependencies": {
        "@shreenu21/cp037-converter": "^1.0.3"
      }
    },
    "node_modules/@shreenu21/cp037-converter": {
      "version": "1.0.3",
      "resolved": "https://registry.npmjs.org/@shreenu21/cp037-converter/-/cp037-converter-1.0.3.tgz",
      "integrity": "sha512-jgSjqWg7UJI0G6kHZzIcll1DTG/rmcYv1V0nysJqTSbqFocWVGxJA6lcatCz3SmVoe1R6mrSpLni+Sb5CCOCzA==",
      "license": "MIT"
    }
  }
}
